github.com/AllenDang/giu v0.6.1 h1:cif42kSxYcDGwNR+Xk/N5fawyvd8EfmGs+zC8FdrI5s=
github.com/AllenDang/giu v0.6.1/go.mod h1:fY/uImNBlEyVjyCoTv16bEykBx2Dnrrg4Pxszz+FHxc=
github.com/AllenDang/go-findfont v0.0.0-20200702051237-9f180485aeb8 h1:dKZMqib/yUDoCFigmz2agG8geZ/e3iRq304/KJXqKyw=
github.com/AllenDang/go-findfont v0.0.0-20200702051237-9f180485aeb8/go.mod h1:b4uuDd0s6KRIPa84cEEchdQ9ICh7K0OryZHbSzMca9k=
github.com/AllenDang/imgui-go v1.12.1-0.20220118055608-8cbd98e97ca2 h1:H9Ohl0tXES9WxO3jq9HdE+4A6eXXybFmRvNdQo2GxLM=
github.com/AllenDang/imgui-go v1.12.1-0.20220118055608-8cbd98e97ca2/go.mod h1:lSWsbR1qGBZz405YzfHXcwEyWQq206QC7cYMHoLvmI4=
github.com/HACKERALERT/clipboard v0.1.5-0.20211215214929-7345ba96aeca h1:yZj12M2feFkat7l0r7s7QnKjJ4Q6UZOwVHroR4kQ4Nk=
github.com/HACKERALERT/clipboard v0.1.5-0.20211215214929-7345ba96aeca/go.mod h1:kkjR9AGvIlIUJdjd/CBL1VfQvyPDE5kL31rAzY/r0s4=
github.com/HACKERALERT/dialog v0.0.0-20211215220206-17f428aa513e h1:3tBZg/OOLNsQrSf5gZc8y3fXiHVxl+kg/iTs0maa0BA=
github.com/HACKERALERT/dialog v0.0.0-20211215220206-17f428aa513e/go.mod h1:GxPIEf2nKp6Gx+sdpjwTdFIGmW5kj6Jta7rRO50TgpU=
github.com/HACKERALERT/giu v0.5.7-0.20220103032438-67fac8c5b49e h1:Tgi2OK7D2ebToM6pFOYaWdUrup8nDJ6ZrOy1Q3g75B8=
github.com/HACKERALERT/giu v0.5.7-0.20220103032438-67fac8c5b49e/go.mod h1:ylqoTOVshsPHJIvj0/YFouHwRy/8wLaJF7x21fiDrzE=
github.com/HACKERALERT/gl v0.0.0-20211216002416-e8bf2db61361 h1:NMPzcOu/LpfEUf0wRZlayjlU0345ujYOWZbVKsfL6g4=
github.com/HACKERALERT/gl v0.0.0-20211216002416-e8bf2db61361/go.mod h1:ZUosVzfEKNGLMLk6aj9yo0FSAhWWsbTMjuzeIUXniB0=
github.com/HACKERALERT/glfw/v3.3/glfw v0.0.0-20211216001154-d0da149b3bef h1:MWA48bM0uKSblAiB51YtMDWEBhJtX+s3HcjlUN7o8cE=
github.com/HACKERALERT/glfw/v3.3/glfw v0.0.0-20211216001154-d0da149b3bef/go.mod h1:aP+FSN9tk1W3UsQisFWxRLQ4WOF7T3niq68UYw0B150=
github.com/HACKERALERT/imgui-go v1.12.1-0.20220103031756-be35cb948814 h1:j/mK+j+UOFkB3j4WVYG0ghuADyFYAv5STW+1wqyrqE4=
github.com/HACKERALERT/imgui-go v1.12.1-0.20220103031756-be35cb948814/go.mod h1:Yo2L7QsU7d+Y6+Uput8+3AHYji0EFojRg4Sokun4Xb0=
github.com/HACKERALERT/infectious v0.0.0-20220103040724-97d3764a8217 h1:c1BeeNXQP065Nv8UX+dioyjc2xUKQWp0jLwWjF2U4gQ=
github.com/HACKERALERT/infectious v0.0.0-20220103040724-97d3764a8217/go.mod h1:OOTdE523mwUOR9tWjuSnjgZgLr2S4o8JVy45PTHBsnc=
github.com/HACKERALERT/jibber_jabber v0.0.0-20211222174950-71570b6ee48b h1:Rl9dd3fhAtzbIE4AJeU2x4gwI0dHA1kXsn9v0AZJDOE=
github.com/HACKERALERT/jibber_jabber v0.0.0-20211222174950-71570b6ee48b/go.mod h1:LhYTEuww35ooZaTD3BIjp9CyZqwv++gAnanWXKdiWJ8=
github.com/HACKERALERT/mainthread v0.0.0-20211027212305-2ec9e701cc14 h1:DwWXverhu/dEsPM/GPykuHGh4SxW69DaGZL5t3fANG4=
github.com/HACKERALERT/mainthread v0.0.0-20211027212305-2ec9e701cc14/go.mod h1:jW534e7roGur9mmzAfPxZLQzKXZ+GE5+XeS7PSyqPbo=
github.com/HACKERALERT/serpent v0.0.0-20210716182301-293b29869c66 h1:YDpFq+y6mRcu97rn/rhYg8u8FdeO0wzTuLgM2gVkA+c=
github.com/HACKERALERT/serpent v0.0.0-20210716182301-293b29869c66/go.mod h1:d/+9q3sIxtIyOgHNgFGr3yGBKKVn5h3vL4hV1qlmoLs=
github.com/HACKERALERT/w32 v0.0.0-20211215215707-4b84c2675d8d h1:Ey0tgsr4MbX64pkl7Di26yUUQGG3mmZw8gUWqhQeW5g=
github.com/HACKERALERT/w32 v0.0.0-20211215215707-4b84c2675d8d/go.mod h1:S+3Ad2AEm5MhhuHJeAaXUmyAXON0qFDxcP/Chw8q7+Y=
github.com/HACKERALERT/zxcvbn-go v0.0.0-20210927200100-f131a4666ad5 h1:cIW3wwoeZ6zru8VhdoGlZAinG+6ObzHx7BgQxUfhF34=
github.com/HACKERALERT/zxcvbn-go v0.0.0-20210927200100-f131a4666ad5/go.mod h1:nykydiYjCDMkF/2vQXSPM38vR5N9W1DITHvupnN+eOk=
github.com/davecgh/go-spew v1.1.0/go.mod h1:J7Y8YcW2NihsgmVo/mv3lAwl/skON4iLHjSsI+c5H38=
github.com/faiface/mainthread v0.0.0-20171120011319-8b78f0a41ae3 h1:baVdMKlASEHrj19iqjARrPbaRisD7EuZEVJj6ZMLl1Q=
github.com/faiface/mainthread v0.0.0-20171120011319-8b78f0a41ae3/go.mod h1:VEPNJUlxl5KdWjDvz6Q1l+rJlxF2i6xqDeGuGAxa87M=
github.com/go-gl/gl v0.0.0-20210315015930-ae072cafe09d/go.mod h1:482civXOzJJCPzJ4ZOX/pwvXBWSnzD4OKMdH4ClKGbk=
github.com/go-gl/gl v0.0.0-20211210172815-726fda9656d6 h1:zDw5v7qm4yH7N8C8uWd+8Ii9rROdgWxQuGoJ9WDXxfk=
github.com/go-gl/gl v0.0.0-20211210172815-726fda9656d6/go.mod h1:9YTyiznxEY1fVinfM7RvRcjRHbw2xLBJ3AAGIT0I4Nw=
github.com/go-gl/glfw/v3.3/glfw v0.0.0-20211213063430-748e38ca8aec h1:3FLiRYO6PlQFDpUU7OEFlWgjGD1jnBIVSJ5SYRWk+9c=
github.com/go-gl/glfw/v3.3/glfw v0.0.0-20211213063430-748e38ca8aec/go.mod h1:tQ2UAYgL5IevRw8kRxooKSPJfGvJ9fJQFa0TUsXzTg8=
github.com/go-resty/resty/v2 v2.7.0 h1:me+K9p3uhSmXtrBZ4k9jcEAfJmuC8IivWHwaLZwPrFY=
github.com/go-resty/resty/v2 v2.7.0/go.mod h1:9PWDzw47qPphMRFfhsyk0NnSgvluHcljSMVIq3w7q0I=
github.com/pkg/browser v0.0.0-20210911075715-681adbf594b8 h1:KoWmjvw+nsYOo29YJK9vDA65RGE3NrOnUtO7a+RF9HU=
github.com/pkg/browser v0.0.0-20210911075715-681adbf594b8/go.mod h1:HKlIX3XHQyzLZPlr7++PzdhaXEj94dEiJgZDTsxEqUI=
github.com/pmezard/go-difflib v1.0.0/go.mod h1:iKH77koFhYxTK1pcRnkKkqfTogsbg7gZNVY4sRDYZ/4=
github.com/sahilm/fuzzy v0.1.0 h1:FzWGaw2Opqyu+794ZQ9SYifWv2EIXpwP4q8dY1kDAwI=
github.com/sahilm/fuzzy v0.1.0/go.mod h1:VFvziUEIMCrT6A6tw2RFIXPXXmzXbOsSHF0DOI8ZK9Y=
github.com/stretchr/objx v0.1.0/go.mod h1:HFkY916IF+rwdDfMAkV7OtwuqBVzrE8GR6GFx+wExME=
github.com/stretchr/testify v1.7.0/go.mod h1:6Fq8oRcR53rry900zMqJjRRixrwX3KX962/h/Wwjteg=
golang.org/x/crypto v0.0.0-20211215165025-cf75a172585e h1:1SzTfNOXwIS2oWiMF+6qu0OUDKb0dauo6MoDUQyu+yU=
golang.org/x/crypto v0.0.0-20211215165025-cf75a172585e/go.mod h1:P+XmwS30IXTQdn5tA2iutPOUgjI07+tq3H3K9MVA1s8=
golang.org/x/image v0.0.0-20210628002857-a66eb6448b8d h1:RNPAfi2nHY7C2srAV8A49jpsYr0ADedCk1wq6fTMTvs=
golang.org/x/image v0.0.0-20210628002857-a66eb6448b8d/go.mod h1:023OzeP/+EPmXeapQh35lcL3II3LrY8Ic+EFFKVhULM=
golang.org/x/net v0.0.0-20210226172049-e18ecbb05110/go.mod h1:m0MpNAwzfU5UDzcl9v0D8zg8gWTRqZa9RBIspLL5mdg=
golang.org/x/net v0.0.0-20211029224645-99673261e6eb h1:pirldcYWx7rx7kE5r+9WsOXPXK0+WH5+uZ7uPmJ44uM=
golang.org/x/net v0.0.0-20211029224645-99673261e6eb/go.mod h1:9nx3DQGgdP8bBQD5qxJ1jj9UTztislL4KSBs9R2vV5Y=
golang.org/x/sys v0.0.0-20201119102817-f84b799fce68/go.mod h1:h1NjWce9XRLGQEsW7wpKNCjG9DtNlClVuFLEZdDNbEs=
golang.org/x/sys v0.0.0-20210423082822-04245dca01da/go.mod h1:h1NjWce9XRLGQEsW7wpKNCjG9DtNlClVuFLEZdDNbEs=
golang.org/x/sys v0.0.0-20210616045830-e2b7044e8c71/go.mod h1:oPkhp1MJrh7nUepCBck5+mAzfO9JrbApNNgaTdGDITg=
golang.org/x/sys v0.0.0-20211216021012-1d35b9e2eb4e h1:fLOSk5Q00efkSvAm+4xcoXD+RRmLmmulPn5I3Y9F2EM=
golang.org/x/sys v0.0.0-20211216021012-1d35b9e2eb4e/go.mod h1:oPkhp1MJrh7nUepCBck5+mAzfO9JrbApNNgaTdGDITg=
golang.org/x/term v0.0.0-20201126162022-7de9c90e9dd1/go.mod h1:bj7SfCRtBDWHUb9snDiAeCFNEtKQo2Wmx5Cou7ajbmo=
golang.org/x/text v0.3.3/go.mod h1:5Zoc/QRtKVWzQhOtBMvqHzDpF6irO9z98xDceosuGiQ=
golang.org/x/text v0.3.6/go.mod h1:5Zoc/QRtKVWzQhOtBMvqHzDpF6irO9z98xDceosuGiQ=
golang.org/x/tools v0.0.0-20180917221912-90fa682c2a6e/go.mod h1:n7NCudcB/nEzxVGmLbDWY5pfWTLqBcC2KZ6jyYvM4mQ=
gopkg.in/check.v1 v0.0.0-20161208181325-20d25e280405/go.mod h1:Co6ibVJAznAaIkqp8huTwlJQCZ016jof/cbN4VW5Yz0=
gopkg.in/yaml.v3 v3.0.0-20200313102051-9f266ea9e77c/go.mod h1:K4uyk7z7BCEPqu6E+C64Yfv1cQ7kz7rIZviUmN+EgEM=
